// !$*UTF8*$!
{
	archiveVersion = 1;
	classes = {
	};
	objectVersion = 56;
	objects = {

/* Begin PBXBuildFile section */
		615A41982BE5D8450068F662 /* LazyNavigationView.swift in Sources */ = {isa = PBXBuildFile; fileRef = 615A41972BE5D8450068F662 /* LazyNavigationView.swift */; };
		615A419A2BE5DE330068F662 /* DevPreview.swift in Sources */ = {isa = PBXBuildFile; fileRef = 615A41992BE5DE330068F662 /* DevPreview.swift */; };
		615A419D2BE5E3DA0068F662 /* Kingfisher in Frameworks */ = {isa = PBXBuildFile; productRef = 615A419C2BE5E3DA0068F662 /* Kingfisher */; };
		615A419F2BE678020068F662 /* PokemonTypeModel.swift in Sources */ = {isa = PBXBuildFile; fileRef = 615A419E2BE678020068F662 /* PokemonTypeModel.swift */; };
		615A41A12BE6B75C0068F662 /* PokemonDetailHeaderView.swift in Sources */ = {isa = PBXBuildFile; fileRef = 615A41A02BE6B75C0068F662 /* PokemonDetailHeaderView.swift */; };
		615A41A32BE6B89F0068F662 /* Int.swift in Sources */ = {isa = PBXBuildFile; fileRef = 615A41A22BE6B89F0068F662 /* Int.swift */; };
		615A41A92BE6C1810068F662 /* PokemonTypeView.swift in Sources */ = {isa = PBXBuildFile; fileRef = 615A41A82BE6C1810068F662 /* PokemonTypeView.swift */; };
		615A41AB2BE6C3B50068F662 /* Color.swift in Sources */ = {isa = PBXBuildFile; fileRef = 615A41AA2BE6C3B50068F662 /* Color.swift */; };
		615A41AF2BE6D0A30068F662 /* CustomShape.swift in Sources */ = {isa = PBXBuildFile; fileRef = 615A41AE2BE6D0A30068F662 /* CustomShape.swift */; };
		615A41B22BE6DAEB0068F662 /* PagerTabStripView in Frameworks */ = {isa = PBXBuildFile; productRef = 615A41B12BE6DAEB0068F662 /* PagerTabStripView */; };
		615A41B62BE6E0DF0068F662 /* StatProgressView.swift in Sources */ = {isa = PBXBuildFile; fileRef = 615A41B52BE6E0DF0068F662 /* StatProgressView.swift */; };
		615AD2632BE2D08A0048B85B /* PokemonMovesView.swift in Sources */ = {isa = PBXBuildFile; fileRef = 615AD2622BE2D08A0048B85B /* PokemonMovesView.swift */; };
		61F614842BE564C70026F512 /* PokemonListViewModel.swift in Sources */ = {isa = PBXBuildFile; fileRef = 61F614832BE564C70026F512 /* PokemonListViewModel.swift */; };
		61F614862BE5682A0026F512 /* PokemonDetailViewModel.swift in Sources */ = {isa = PBXBuildFile; fileRef = 61F614852BE5682A0026F512 /* PokemonDetailViewModel.swift */; };
		61FC989E2BDDAAB90067EA0B /* PokedexApp.swift in Sources */ = {isa = PBXBuildFile; fileRef = 61FC989D2BDDAAB90067EA0B /* PokedexApp.swift */; };
		61FC98A02BDDAAB90067EA0B /* PokemonListView.swift in Sources */ = {isa = PBXBuildFile; fileRef = 61FC989F2BDDAAB90067EA0B /* PokemonListView.swift */; };
		61FC98A22BDDAABB0067EA0B /* Assets.xcassets in Resources */ = {isa = PBXBuildFile; fileRef = 61FC98A12BDDAABB0067EA0B /* Assets.xcassets */; };
		61FC98A52BDDAABB0067EA0B /* Preview Assets.xcassets in Resources */ = {isa = PBXBuildFile; fileRef = 61FC98A42BDDAABB0067EA0B /* Preview Assets.xcassets */; };
		61FC98AF2BDDAABC0067EA0B /* PokedexTests.swift in Sources */ = {isa = PBXBuildFile; fileRef = 61FC98AE2BDDAABC0067EA0B /* PokedexTests.swift */; };
		61FC98B92BDDAABC0067EA0B /* PokedexUITests.swift in Sources */ = {isa = PBXBuildFile; fileRef = 61FC98B82BDDAABC0067EA0B /* PokedexUITests.swift */; };
		61FC98BB2BDDAABC0067EA0B /* PokedexUITestsLaunchTests.swift in Sources */ = {isa = PBXBuildFile; fileRef = 61FC98BA2BDDAABC0067EA0B /* PokedexUITestsLaunchTests.swift */; };
		61FC98C92BDDAB350067EA0B /* NetworkClientBuilder.swift in Sources */ = {isa = PBXBuildFile; fileRef = 61FC98C82BDDAB350067EA0B /* NetworkClientBuilder.swift */; };
		61FC98CB2BDDCC920067EA0B /* NetError.swift in Sources */ = {isa = PBXBuildFile; fileRef = 61FC98CA2BDDCC920067EA0B /* NetError.swift */; };
		61FC98CF2BDDD0D10067EA0B /* CodableURLSession.swift in Sources */ = {isa = PBXBuildFile; fileRef = 61FC98CE2BDDD0D00067EA0B /* CodableURLSession.swift */; };
		61FC98D22BDDD1CD0067EA0B /* PokemonModel.swift in Sources */ = {isa = PBXBuildFile; fileRef = 61FC98D12BDDD1CD0067EA0B /* PokemonModel.swift */; };
		61FC98D42BE047D80067EA0B /* BaseNetworking.swift in Sources */ = {isa = PBXBuildFile; fileRef = 61FC98D32BE047D80067EA0B /* BaseNetworking.swift */; };
		61FC98D62BE049440067EA0B /* PokemonService.swift in Sources */ = {isa = PBXBuildFile; fileRef = 61FC98D52BE049440067EA0B /* PokemonService.swift */; };
		61FC98D82BE132010067EA0B /* NamedResourceListModel.swift in Sources */ = {isa = PBXBuildFile; fileRef = 61FC98D72BE132010067EA0B /* NamedResourceListModel.swift */; };
		61FC98DD2BE160DB0067EA0B /* PokemonCardView.swift in Sources */ = {isa = PBXBuildFile; fileRef = 61FC98DC2BE160DA0067EA0B /* PokemonCardView.swift */; };
		61FC98E22BE1810C0067EA0B /* Constant.swift in Sources */ = {isa = PBXBuildFile; fileRef = 61FC98E12BE1810C0067EA0B /* Constant.swift */; };
		61FC98E52BE192110067EA0B /* PokemonDetailView.swift in Sources */ = {isa = PBXBuildFile; fileRef = 61FC98E42BE192110067EA0B /* PokemonDetailView.swift */; };
		61FC98E72BE1E3700067EA0B /* PokemonStatsView.swift in Sources */ = {isa = PBXBuildFile; fileRef = 61FC98E62BE1E3700067EA0B /* PokemonStatsView.swift */; };
		61FC98E92BE1E5840067EA0B /* PokemonThumbnail.swift in Sources */ = {isa = PBXBuildFile; fileRef = 61FC98E82BE1E5840067EA0B /* PokemonThumbnail.swift */; };
		61FC98EB2BE1E6630067EA0B /* PokemonAbilitiesView.swift in Sources */ = {isa = PBXBuildFile; fileRef = 61FC98EA2BE1E6630067EA0B /* PokemonAbilitiesView.swift */; };
/* End PBXBuildFile section */

/* Begin PBXContainerItemProxy section */
		61FC98AB2BDDAABC0067EA0B /* PBXContainerItemProxy */ = {
			isa = PBXContainerItemProxy;
			containerPortal = 61FC98922BDDAAB90067EA0B /* Project object */;
			proxyType = 1;
			remoteGlobalIDString = 61FC98992BDDAAB90067EA0B;
			remoteInfo = Pokedex;
		};
		61FC98B52BDDAABC0067EA0B /* PBXContainerItemProxy */ = {
			isa = PBXContainerItemProxy;
			containerPortal = 61FC98922BDDAAB90067EA0B /* Project object */;
			proxyType = 1;
			remoteGlobalIDString = 61FC98992BDDAAB90067EA0B;
			remoteInfo = Pokedex;
		};
/* End PBXContainerItemProxy section */

/* Begin PBXFileReference section */
		615A41972BE5D8450068F662 /* LazyNavigationView.swift */ = {isa = PBXFileReference; lastKnownFileType = sourcecode.swift; path = LazyNavigationView.swift; sourceTree = "<group>"; };
		615A41992BE5DE330068F662 /* DevPreview.swift */ = {isa = PBXFileReference; lastKnownFileType = sourcecode.swift; path = DevPreview.swift; sourceTree = "<group>"; };
		615A419E2BE678020068F662 /* PokemonTypeModel.swift */ = {isa = PBXFileReference; lastKnownFileType = sourcecode.swift; path = PokemonTypeModel.swift; sourceTree = "<group>"; };
		615A41A02BE6B75C0068F662 /* PokemonDetailHeaderView.swift */ = {isa = PBXFileReference; lastKnownFileType = sourcecode.swift; path = PokemonDetailHeaderView.swift; sourceTree = "<group>"; };
		615A41A22BE6B89F0068F662 /* Int.swift */ = {isa = PBXFileReference; lastKnownFileType = sourcecode.swift; path = Int.swift; sourceTree = "<group>"; };
		615A41A82BE6C1810068F662 /* PokemonTypeView.swift */ = {isa = PBXFileReference; lastKnownFileType = sourcecode.swift; path = PokemonTypeView.swift; sourceTree = "<group>"; };
		615A41AA2BE6C3B50068F662 /* Color.swift */ = {isa = PBXFileReference; lastKnownFileType = sourcecode.swift; path = Color.swift; sourceTree = "<group>"; };
		615A41AE2BE6D0A30068F662 /* CustomShape.swift */ = {isa = PBXFileReference; lastKnownFileType = sourcecode.swift; path = CustomShape.swift; sourceTree = "<group>"; };
		615A41B52BE6E0DF0068F662 /* StatProgressView.swift */ = {isa = PBXFileReference; lastKnownFileType = sourcecode.swift; path = StatProgressView.swift; sourceTree = "<group>"; };
		615AD2622BE2D08A0048B85B /* PokemonMovesView.swift */ = {isa = PBXFileReference; lastKnownFileType = sourcecode.swift; path = PokemonMovesView.swift; sourceTree = "<group>"; };
		61F614832BE564C70026F512 /* PokemonListViewModel.swift */ = {isa = PBXFileReference; lastKnownFileType = sourcecode.swift; path = PokemonListViewModel.swift; sourceTree = "<group>"; };
		61F614852BE5682A0026F512 /* PokemonDetailViewModel.swift */ = {isa = PBXFileReference; lastKnownFileType = sourcecode.swift; path = PokemonDetailViewModel.swift; sourceTree = "<group>"; };
		61FC989A2BDDAAB90067EA0B /* Pokedex.app */ = {isa = PBXFileReference; explicitFileType = wrapper.application; includeInIndex = 0; path = Pokedex.app; sourceTree = BUILT_PRODUCTS_DIR; };
		61FC989D2BDDAAB90067EA0B /* PokedexApp.swift */ = {isa = PBXFileReference; lastKnownFileType = sourcecode.swift; path = PokedexApp.swift; sourceTree = "<group>"; };
		61FC989F2BDDAAB90067EA0B /* PokemonListView.swift */ = {isa = PBXFileReference; lastKnownFileType = sourcecode.swift; path = PokemonListView.swift; sourceTree = "<group>"; };
		61FC98A12BDDAABB0067EA0B /* Assets.xcassets */ = {isa = PBXFileReference; lastKnownFileType = folder.assetcatalog; path = Assets.xcassets; sourceTree = "<group>"; };
		61FC98A42BDDAABB0067EA0B /* Preview Assets.xcassets */ = {isa = PBXFileReference; lastKnownFileType = folder.assetcatalog; path = "Preview Assets.xcassets"; sourceTree = "<group>"; };
		61FC98AA2BDDAABC0067EA0B /* PokedexTests.xctest */ = {isa = PBXFileReference; explicitFileType = wrapper.cfbundle; includeInIndex = 0; path = PokedexTests.xctest; sourceTree = BUILT_PRODUCTS_DIR; };
		61FC98AE2BDDAABC0067EA0B /* PokedexTests.swift */ = {isa = PBXFileReference; lastKnownFileType = sourcecode.swift; path = PokedexTests.swift; sourceTree = "<group>"; };
		61FC98B42BDDAABC0067EA0B /* PokedexUITests.xctest */ = {isa = PBXFileReference; explicitFileType = wrapper.cfbundle; includeInIndex = 0; path = PokedexUITests.xctest; sourceTree = BUILT_PRODUCTS_DIR; };
		61FC98B82BDDAABC0067EA0B /* PokedexUITests.swift */ = {isa = PBXFileReference; lastKnownFileType = sourcecode.swift; path = PokedexUITests.swift; sourceTree = "<group>"; };
		61FC98BA2BDDAABC0067EA0B /* PokedexUITestsLaunchTests.swift */ = {isa = PBXFileReference; lastKnownFileType = sourcecode.swift; path = PokedexUITestsLaunchTests.swift; sourceTree = "<group>"; };
		61FC98C82BDDAB350067EA0B /* NetworkClientBuilder.swift */ = {isa = PBXFileReference; lastKnownFileType = sourcecode.swift; path = NetworkClientBuilder.swift; sourceTree = "<group>"; };
		61FC98CA2BDDCC920067EA0B /* NetError.swift */ = {isa = PBXFileReference; lastKnownFileType = sourcecode.swift; path = NetError.swift; sourceTree = "<group>"; };
		61FC98CE2BDDD0D00067EA0B /* CodableURLSession.swift */ = {isa = PBXFileReference; lastKnownFileType = sourcecode.swift; path = CodableURLSession.swift; sourceTree = "<group>"; };
		61FC98D12BDDD1CD0067EA0B /* PokemonModel.swift */ = {isa = PBXFileReference; lastKnownFileType = sourcecode.swift; path = PokemonModel.swift; sourceTree = "<group>"; };
		61FC98D32BE047D80067EA0B /* BaseNetworking.swift */ = {isa = PBXFileReference; lastKnownFileType = sourcecode.swift; path = BaseNetworking.swift; sourceTree = "<group>"; };
		61FC98D52BE049440067EA0B /* PokemonService.swift */ = {isa = PBXFileReference; lastKnownFileType = sourcecode.swift; path = PokemonService.swift; sourceTree = "<group>"; };
		61FC98D72BE132010067EA0B /* NamedResourceListModel.swift */ = {isa = PBXFileReference; lastKnownFileType = sourcecode.swift; path = NamedResourceListModel.swift; sourceTree = "<group>"; };
		61FC98DC2BE160DA0067EA0B /* PokemonCardView.swift */ = {isa = PBXFileReference; lastKnownFileType = sourcecode.swift; path = PokemonCardView.swift; sourceTree = "<group>"; };
		61FC98E12BE1810C0067EA0B /* Constant.swift */ = {isa = PBXFileReference; lastKnownFileType = sourcecode.swift; path = Constant.swift; sourceTree = "<group>"; };
		61FC98E42BE192110067EA0B /* PokemonDetailView.swift */ = {isa = PBXFileReference; lastKnownFileType = sourcecode.swift; path = PokemonDetailView.swift; sourceTree = "<group>"; };
		61FC98E62BE1E3700067EA0B /* PokemonStatsView.swift */ = {isa = PBXFileReference; lastKnownFileType = sourcecode.swift; path = PokemonStatsView.swift; sourceTree = "<group>"; };
		61FC98E82BE1E5840067EA0B /* PokemonThumbnail.swift */ = {isa = PBXFileReference; lastKnownFileType = sourcecode.swift; path = PokemonThumbnail.swift; sourceTree = "<group>"; };
		61FC98EA2BE1E6630067EA0B /* PokemonAbilitiesView.swift */ = {isa = PBXFileReference; lastKnownFileType = sourcecode.swift; path = PokemonAbilitiesView.swift; sourceTree = "<group>"; };
/* End PBXFileReference section */

/* Begin PBXFrameworksBuildPhase section */
		61FC98972BDDAAB90067EA0B /* Frameworks */ = {
			isa = PBXFrameworksBuildPhase;
			buildActionMask = 2147483647;
			files = (
				615A41B22BE6DAEB0068F662 /* PagerTabStripView in Frameworks */,
				615A419D2BE5E3DA0068F662 /* Kingfisher in Frameworks */,
			);
			runOnlyForDeploymentPostprocessing = 0;
		};
		61FC98A72BDDAABC0067EA0B /* Frameworks */ = {
			isa = PBXFrameworksBuildPhase;
			buildActionMask = 2147483647;
			files = (
			);
			runOnlyForDeploymentPostprocessing = 0;
		};
		61FC98B12BDDAABC0067EA0B /* Frameworks */ = {
			isa = PBXFrameworksBuildPhase;
			buildActionMask = 2147483647;
			files = (
			);
			runOnlyForDeploymentPostprocessing = 0;
		};
/* End PBXFrameworksBuildPhase section */

/* Begin PBXGroup section */
		61F6147B2BE55BDB0026F512 /* Core */ = {
			isa = PBXGroup;
			children = (
				61F6147D2BE55BF20026F512 /* PokemonDetail */,
				61F6147C2BE55BEA0026F512 /* PokemonList */,
			);
			path = Core;
			sourceTree = "<group>";
		};
		61F6147C2BE55BEA0026F512 /* PokemonList */ = {
			isa = PBXGroup;
			children = (
				61F614812BE55C0F0026F512 /* ViewModels */,
				61F614802BE55C0A0026F512 /* Views */,
			);
			path = PokemonList;
			sourceTree = "<group>";
		};
		61F6147D2BE55BF20026F512 /* PokemonDetail */ = {
			isa = PBXGroup;
			children = (
				61F6147F2BE55C050026F512 /* ViewModels */,
				61F6147E2BE55C000026F512 /* Views */,
			);
			path = PokemonDetail;
			sourceTree = "<group>";
		};
		61F6147E2BE55C000026F512 /* Views */ = {
			isa = PBXGroup;
			children = (
				61FC98E62BE1E3700067EA0B /* PokemonStatsView.swift */,
				61FC98E82BE1E5840067EA0B /* PokemonThumbnail.swift */,
				61FC98EA2BE1E6630067EA0B /* PokemonAbilitiesView.swift */,
				615AD2622BE2D08A0048B85B /* PokemonMovesView.swift */,
				61FC98E42BE192110067EA0B /* PokemonDetailView.swift */,
				615A41A02BE6B75C0068F662 /* PokemonDetailHeaderView.swift */,
				615A41A82BE6C1810068F662 /* PokemonTypeView.swift */,
				615A41B52BE6E0DF0068F662 /* StatProgressView.swift */,
			);
			path = Views;
			sourceTree = "<group>";
		};
		61F6147F2BE55C050026F512 /* ViewModels */ = {
			isa = PBXGroup;
			children = (
				61F614852BE5682A0026F512 /* PokemonDetailViewModel.swift */,
			);
			path = ViewModels;
			sourceTree = "<group>";
		};
		61F614802BE55C0A0026F512 /* Views */ = {
			isa = PBXGroup;
			children = (
				61FC98DC2BE160DA0067EA0B /* PokemonCardView.swift */,
				61FC989F2BDDAAB90067EA0B /* PokemonListView.swift */,
			);
			path = Views;
			sourceTree = "<group>";
		};
		61F614812BE55C0F0026F512 /* ViewModels */ = {
			isa = PBXGroup;
			children = (
				61F614832BE564C70026F512 /* PokemonListViewModel.swift */,
			);
			path = ViewModels;
			sourceTree = "<group>";
		};
		61F614822BE563E50026F512 /* App */ = {
			isa = PBXGroup;
			children = (
				61FC989D2BDDAAB90067EA0B /* PokedexApp.swift */,
			);
			path = App;
			sourceTree = "<group>";
		};
		61FC98912BDDAAB90067EA0B = {
			isa = PBXGroup;
			children = (
				61FC989C2BDDAAB90067EA0B /* Pokedex */,
				61FC98AD2BDDAABC0067EA0B /* PokedexTests */,
				61FC98B72BDDAABC0067EA0B /* PokedexUITests */,
				61FC989B2BDDAAB90067EA0B /* Products */,
			);
			sourceTree = "<group>";
		};
		61FC989B2BDDAAB90067EA0B /* Products */ = {
			isa = PBXGroup;
			children = (
				61FC989A2BDDAAB90067EA0B /* Pokedex.app */,
				61FC98AA2BDDAABC0067EA0B /* PokedexTests.xctest */,
				61FC98B42BDDAABC0067EA0B /* PokedexUITests.xctest */,
			);
			name = Products;
			sourceTree = "<group>";
		};
		61FC989C2BDDAAB90067EA0B /* Pokedex */ = {
			isa = PBXGroup;
			children = (
				61F614822BE563E50026F512 /* App */,
				61F6147B2BE55BDB0026F512 /* Core */,
				61FC98D02BDDD1BE0067EA0B /* Model */,
				61FC98CD2BDDD0550067EA0B /* Extension */,
				61FC98CC2BDDCF770067EA0B /* Utils */,
				61FC98C72BDDAB210067EA0B /* Networking */,
				61FC98A12BDDAABB0067EA0B /* Assets.xcassets */,
				61FC98A32BDDAABB0067EA0B /* Preview Content */,
			);
			path = Pokedex;
			sourceTree = "<group>";
		};
		61FC98A32BDDAABB0067EA0B /* Preview Content */ = {
			isa = PBXGroup;
			children = (
				61FC98A42BDDAABB0067EA0B /* Preview Assets.xcassets */,
			);
			path = "Preview Content";
			sourceTree = "<group>";
		};
		61FC98AD2BDDAABC0067EA0B /* PokedexTests */ = {
			isa = PBXGroup;
			children = (
				61FC98AE2BDDAABC0067EA0B /* PokedexTests.swift */,
			);
			path = PokedexTests;
			sourceTree = "<group>";
		};
		61FC98B72BDDAABC0067EA0B /* PokedexUITests */ = {
			isa = PBXGroup;
			children = (
				61FC98B82BDDAABC0067EA0B /* PokedexUITests.swift */,
				61FC98BA2BDDAABC0067EA0B /* PokedexUITestsLaunchTests.swift */,
			);
			path = PokedexUITests;
			sourceTree = "<group>";
		};
		61FC98C72BDDAB210067EA0B /* Networking */ = {
			isa = PBXGroup;
			children = (
				61FC98C82BDDAB350067EA0B /* NetworkClientBuilder.swift */,
				61FC98CA2BDDCC920067EA0B /* NetError.swift */,
				61FC98D32BE047D80067EA0B /* BaseNetworking.swift */,
				61FC98D52BE049440067EA0B /* PokemonService.swift */,
			);
			path = Networking;
			sourceTree = "<group>";
		};
		61FC98CC2BDDCF770067EA0B /* Utils */ = {
			isa = PBXGroup;
			children = (
				61FC98E12BE1810C0067EA0B /* Constant.swift */,
				615A41972BE5D8450068F662 /* LazyNavigationView.swift */,
				615A41992BE5DE330068F662 /* DevPreview.swift */,
				615A41AE2BE6D0A30068F662 /* CustomShape.swift */,
			);
			path = Utils;
			sourceTree = "<group>";
		};
		61FC98CD2BDDD0550067EA0B /* Extension */ = {
			isa = PBXGroup;
			children = (
				61FC98CE2BDDD0D00067EA0B /* CodableURLSession.swift */,
				615A41A22BE6B89F0068F662 /* Int.swift */,
				615A41AA2BE6C3B50068F662 /* Color.swift */,
			);
			path = Extension;
			sourceTree = "<group>";
		};
		61FC98D02BDDD1BE0067EA0B /* Model */ = {
			isa = PBXGroup;
			children = (
				61FC98D12BDDD1CD0067EA0B /* PokemonModel.swift */,
				61FC98D72BE132010067EA0B /* NamedResourceListModel.swift */,
				615A419E2BE678020068F662 /* PokemonTypeModel.swift */,
			);
			path = Model;
			sourceTree = "<group>";
		};
/* End PBXGroup section */

/* Begin PBXNativeTarget section */
		61FC98992BDDAAB90067EA0B /* Pokedex */ = {
			isa = PBXNativeTarget;
			buildConfigurationList = 61FC98BE2BDDAABC0067EA0B /* Build configuration list for PBXNativeTarget "Pokedex" */;
			buildPhases = (
				61FC98962BDDAAB90067EA0B /* Sources */,
				61FC98972BDDAAB90067EA0B /* Frameworks */,
				61FC98982BDDAAB90067EA0B /* Resources */,
			);
			buildRules = (
			);
			dependencies = (
			);
			name = Pokedex;
			packageProductDependencies = (
				615A419C2BE5E3DA0068F662 /* Kingfisher */,
				615A41B12BE6DAEB0068F662 /* PagerTabStripView */,
			);
			productName = Pokedex;
			productReference = 61FC989A2BDDAAB90067EA0B /* Pokedex.app */;
			productType = "com.apple.product-type.application";
		};
		61FC98A92BDDAABC0067EA0B /* PokedexTests */ = {
			isa = PBXNativeTarget;
			buildConfigurationList = 61FC98C12BDDAABC0067EA0B /* Build configuration list for PBXNativeTarget "PokedexTests" */;
			buildPhases = (
				61FC98A62BDDAABC0067EA0B /* Sources */,
				61FC98A72BDDAABC0067EA0B /* Frameworks */,
				61FC98A82BDDAABC0067EA0B /* Resources */,
			);
			buildRules = (
			);
			dependencies = (
				61FC98AC2BDDAABC0067EA0B /* PBXTargetDependency */,
			);
			name = PokedexTests;
			productName = PokedexTests;
			productReference = 61FC98AA2BDDAABC0067EA0B /* PokedexTests.xctest */;
			productType = "com.apple.product-type.bundle.unit-test";
		};
		61FC98B32BDDAABC0067EA0B /* PokedexUITests */ = {
			isa = PBXNativeTarget;
			buildConfigurationList = 61FC98C42BDDAABC0067EA0B /* Build configuration list for PBXNativeTarget "PokedexUITests" */;
			buildPhases = (
				61FC98B02BDDAABC0067EA0B /* Sources */,
				61FC98B12BDDAABC0067EA0B /* Frameworks */,
				61FC98B22BDDAABC0067EA0B /* Resources */,
			);
			buildRules = (
			);
			dependencies = (
				61FC98B62BDDAABC0067EA0B /* PBXTargetDependency */,
			);
			name = PokedexUITests;
			productName = PokedexUITests;
			productReference = 61FC98B42BDDAABC0067EA0B /* PokedexUITests.xctest */;
			productType = "com.apple.product-type.bundle.ui-testing";
		};
/* End PBXNativeTarget section */

/* Begin PBXProject section */
		61FC98922BDDAAB90067EA0B /* Project object */ = {
			isa = PBXProject;
			attributes = {
				BuildIndependentTargetsInParallel = 1;
				LastSwiftUpdateCheck = 1530;
				LastUpgradeCheck = 1530;
				TargetAttributes = {
					61FC98992BDDAAB90067EA0B = {
						CreatedOnToolsVersion = 15.3;
					};
					61FC98A92BDDAABC0067EA0B = {
						CreatedOnToolsVersion = 15.3;
						TestTargetID = 61FC98992BDDAAB90067EA0B;
					};
					61FC98B32BDDAABC0067EA0B = {
						CreatedOnToolsVersion = 15.3;
						TestTargetID = 61FC98992BDDAAB90067EA0B;
					};
				};
			};
			buildConfigurationList = 61FC98952BDDAAB90067EA0B /* Build configuration list for PBXProject "Pokedex" */;
			compatibilityVersion = "Xcode 14.0";
			developmentRegion = en;
			hasScannedForEncodings = 0;
			knownRegions = (
				en,
				Base,
			);
			mainGroup = 61FC98912BDDAAB90067EA0B;
			packageReferences = (
				615A419B2BE5E3D90068F662 /* XCRemoteSwiftPackageReference "Kingfisher" */,
				615A41B02BE6DAEB0068F662 /* XCRemoteSwiftPackageReference "PagerTabStripView" */,
			);
			productRefGroup = 61FC989B2BDDAAB90067EA0B /* Products */;
			projectDirPath = "";
			projectRoot = "";
			targets = (
				61FC98992BDDAAB90067EA0B /* Pokedex */,
				61FC98A92BDDAABC0067EA0B /* PokedexTests */,
				61FC98B32BDDAABC0067EA0B /* PokedexUITests */,
			);
		};
/* End PBXProject section */

/* Begin PBXResourcesBuildPhase section */
		61FC98982BDDAAB90067EA0B /* Resources */ = {
			isa = PBXResourcesBuildPhase;
			buildActionMask = 2147483647;
			files = (
				61FC98A52BDDAABB0067EA0B /* Preview Assets.xcassets in Resources */,
				61FC98A22BDDAABB0067EA0B /* Assets.xcassets in Resources */,
			);
			runOnlyForDeploymentPostprocessing = 0;
		};
		61FC98A82BDDAABC0067EA0B /* Resources */ = {
			isa = PBXResourcesBuildPhase;
			buildActionMask = 2147483647;
			files = (
			);
			runOnlyForDeploymentPostprocessing = 0;
		};
		61FC98B22BDDAABC0067EA0B /* Resources */ = {
			isa = PBXResourcesBuildPhase;
			buildActionMask = 2147483647;
			files = (
			);
			runOnlyForDeploymentPostprocessing = 0;
		};
/* End PBXResourcesBuildPhase section */

/* Begin PBXSourcesBuildPhase section */
		61FC98962BDDAAB90067EA0B /* Sources */ = {
			isa = PBXSourcesBuildPhase;
			buildActionMask = 2147483647;
			files = (
				615A419A2BE5DE330068F662 /* DevPreview.swift in Sources */,
				615A419F2BE678020068F662 /* PokemonTypeModel.swift in Sources */,
				61FC98EB2BE1E6630067EA0B /* PokemonAbilitiesView.swift in Sources */,
				61FC98E92BE1E5840067EA0B /* PokemonThumbnail.swift in Sources */,
				61FC98D82BE132010067EA0B /* NamedResourceListModel.swift in Sources */,
				61FC98A02BDDAAB90067EA0B /* PokemonListView.swift in Sources */,
				615A41A12BE6B75C0068F662 /* PokemonDetailHeaderView.swift in Sources */,
				615A41B62BE6E0DF0068F662 /* StatProgressView.swift in Sources */,
				61FC98D62BE049440067EA0B /* PokemonService.swift in Sources */,
				61F614862BE5682A0026F512 /* PokemonDetailViewModel.swift in Sources */,
				615A41982BE5D8450068F662 /* LazyNavigationView.swift in Sources */,
				61FC98D22BDDD1CD0067EA0B /* PokemonModel.swift in Sources */,
				61FC98CB2BDDCC920067EA0B /* NetError.swift in Sources */,
				615A41AF2BE6D0A30068F662 /* CustomShape.swift in Sources */,
				61FC98E52BE192110067EA0B /* PokemonDetailView.swift in Sources */,
				61FC98CF2BDDD0D10067EA0B /* CodableURLSession.swift in Sources */,
				615A41A92BE6C1810068F662 /* PokemonTypeView.swift in Sources */,
				61FC98E72BE1E3700067EA0B /* PokemonStatsView.swift in Sources */,
				61FC98DD2BE160DB0067EA0B /* PokemonCardView.swift in Sources */,
				61FC989E2BDDAAB90067EA0B /* PokedexApp.swift in Sources */,
				615A41AB2BE6C3B50068F662 /* Color.swift in Sources */,
				61FC98E22BE1810C0067EA0B /* Constant.swift in Sources */,
				615A41A32BE6B89F0068F662 /* Int.swift in Sources */,
				61FC98D42BE047D80067EA0B /* BaseNetworking.swift in Sources */,
				61FC98C92BDDAB350067EA0B /* NetworkClientBuilder.swift in Sources */,
				61F614842BE564C70026F512 /* PokemonListViewModel.swift in Sources */,
				615AD2632BE2D08A0048B85B /* PokemonMovesView.swift in Sources */,
			);
			runOnlyForDeploymentPostprocessing = 0;
		};
		61FC98A62BDDAABC0067EA0B /* Sources */ = {
			isa = PBXSourcesBuildPhase;
			buildActionMask = 2147483647;
			files = (
				61FC98AF2BDDAABC0067EA0B /* PokedexTests.swift in Sources */,
			);
			runOnlyForDeploymentPostprocessing = 0;
		};
		61FC98B02BDDAABC0067EA0B /* Sources */ = {
			isa = PBXSourcesBuildPhase;
			buildActionMask = 2147483647;
			files = (
				61FC98B92BDDAABC0067EA0B /* PokedexUITests.swift in Sources */,
				61FC98BB2BDDAABC0067EA0B /* PokedexUITestsLaunchTests.swift in Sources */,
			);
			runOnlyForDeploymentPostprocessing = 0;
		};
/* End PBXSourcesBuildPhase section */

/* Begin PBXTargetDependency section */
		61FC98AC2BDDAABC0067EA0B /* PBXTargetDependency */ = {
			isa = PBXTargetDependency;
			target = 61FC98992BDDAAB90067EA0B /* Pokedex */;
			targetProxy = 61FC98AB2BDDAABC0067EA0B /* PBXContainerItemProxy */;
		};
		61FC98B62BDDAABC0067EA0B /* PBXTargetDependency */ = {
			isa = PBXTargetDependency;
			target = 61FC98992BDDAAB90067EA0B /* Pokedex */;
			targetProxy = 61FC98B52BDDAABC0067EA0B /* PBXContainerItemProxy */;
		};
/* End PBXTargetDependency section */

/* Begin XCBuildConfiguration section */
		61FC98BC2BDDAABC0067EA0B /* Debug */ = {
			isa = XCBuildConfiguration;
			buildSettings = {
				ALWAYS_SEARCH_USER_PATHS = NO;
				ASSETCATALOG_COMPILER_GENERATE_SWIFT_ASSET_SYMBOL_EXTENSIONS = YES;
				CLANG_ANALYZER_NONNULL = YES;
				CLANG_ANALYZER_NUMBER_OBJECT_CONVERSION = YES_AGGRESSIVE;
				CLANG_CXX_LANGUAGE_STANDARD = "gnu++20";
				CLANG_ENABLE_MODULES = YES;
				CLANG_ENABLE_OBJC_ARC = YES;
				CLANG_ENABLE_OBJC_WEAK = YES;
				CLANG_WARN_BLOCK_CAPTURE_AUTORELEASING = YES;
				CLANG_WARN_BOOL_CONVERSION = YES;
				CLANG_WARN_COMMA = YES;
				CLANG_WARN_CONSTANT_CONVERSION = YES;
				CLANG_WARN_DEPRECATED_OBJC_IMPLEMENTATIONS = YES;
				CLANG_WARN_DIRECT_OBJC_ISA_USAGE = YES_ERROR;
				CLANG_WARN_DOCUMENTATION_COMMENTS = YES;
				CLANG_WARN_EMPTY_BODY = YES;
				CLANG_WARN_ENUM_CONVERSION = YES;
				CLANG_WARN_INFINITE_RECURSION = YES;
				CLANG_WARN_INT_CONVERSION = YES;
				CLANG_WARN_NON_LITERAL_NULL_CONVERSION = YES;
				CLANG_WARN_OBJC_IMPLICIT_RETAIN_SELF = YES;
				CLANG_WARN_OBJC_LITERAL_CONVERSION = YES;
				CLANG_WARN_OBJC_ROOT_CLASS = YES_ERROR;
				CLANG_WARN_QUOTED_INCLUDE_IN_FRAMEWORK_HEADER = YES;
				CLANG_WARN_RANGE_LOOP_ANALYSIS = YES;
				CLANG_WARN_STRICT_PROTOTYPES = YES;
				CLANG_WARN_SUSPICIOUS_MOVE = YES;
				CLANG_WARN_UNGUARDED_AVAILABILITY = YES_AGGRESSIVE;
				CLANG_WARN_UNREACHABLE_CODE = YES;
				CLANG_WARN__DUPLICATE_METHOD_MATCH = YES;
				COPY_PHASE_STRIP = NO;
				DEBUG_INFORMATION_FORMAT = dwarf;
				ENABLE_STRICT_OBJC_MSGSEND = YES;
				ENABLE_TESTABILITY = YES;
				ENABLE_USER_SCRIPT_SANDBOXING = YES;
				GCC_C_LANGUAGE_STANDARD = gnu17;
				GCC_DYNAMIC_NO_PIC = NO;
				GCC_NO_COMMON_BLOCKS = YES;
				GCC_OPTIMIZATION_LEVEL = 0;
				GCC_PREPROCESSOR_DEFINITIONS = (
					"DEBUG=1",
					"$(inherited)",
				);
				GCC_WARN_64_TO_32_BIT_CONVERSION = YES;
				GCC_WARN_ABOUT_RETURN_TYPE = YES_ERROR;
				GCC_WARN_UNDECLARED_SELECTOR = YES;
				GCC_WARN_UNINITIALIZED_AUTOS = YES_AGGRESSIVE;
				GCC_WARN_UNUSED_FUNCTION = YES;
				GCC_WARN_UNUSED_VARIABLE = YES;
				IPHONEOS_DEPLOYMENT_TARGET = 17.4;
				LOCALIZATION_PREFERS_STRING_CATALOGS = YES;
				MTL_ENABLE_DEBUG_INFO = INCLUDE_SOURCE;
				MTL_FAST_MATH = YES;
				ONLY_ACTIVE_ARCH = YES;
				SDKROOT = iphoneos;
				SWIFT_ACTIVE_COMPILATION_CONDITIONS = "DEBUG $(inherited)";
				SWIFT_OPTIMIZATION_LEVEL = "-Onone";
			};
			name = Debug;
		};
		61FC98BD2BDDAABC0067EA0B /* Release */ = {
			isa = XCBuildConfiguration;
			buildSettings = {
				ALWAYS_SEARCH_USER_PATHS = NO;
				ASSETCATALOG_COMPILER_GENERATE_SWIFT_ASSET_SYMBOL_EXTENSIONS = YES;
				CLANG_ANALYZER_NONNULL = YES;
				CLANG_ANALYZER_NUMBER_OBJECT_CONVERSION = YES_AGGRESSIVE;
				CLANG_CXX_LANGUAGE_STANDARD = "gnu++20";
				CLANG_ENABLE_MODULES = YES;
				CLANG_ENABLE_OBJC_ARC = YES;
				CLANG_ENABLE_OBJC_WEAK = YES;
				CLANG_WARN_BLOCK_CAPTURE_AUTORELEASING = YES;
				CLANG_WARN_BOOL_CONVERSION = YES;
				CLANG_WARN_COMMA = YES;
				CLANG_WARN_CONSTANT_CONVERSION = YES;
				CLANG_WARN_DEPRECATED_OBJC_IMPLEMENTATIONS = YES;
				CLANG_WARN_DIRECT_OBJC_ISA_USAGE = YES_ERROR;
				CLANG_WARN_DOCUMENTATION_COMMENTS = YES;
				CLANG_WARN_EMPTY_BODY = YES;
				CLANG_WARN_ENUM_CONVERSION = YES;
				CLANG_WARN_INFINITE_RECURSION = YES;
				CLANG_WARN_INT_CONVERSION = YES;
				CLANG_WARN_NON_LITERAL_NULL_CONVERSION = YES;
				CLANG_WARN_OBJC_IMPLICIT_RETAIN_SELF = YES;
				CLANG_WARN_OBJC_LITERAL_CONVERSION = YES;
				CLANG_WARN_OBJC_ROOT_CLASS = YES_ERROR;
				CLANG_WARN_QUOTED_INCLUDE_IN_FRAMEWORK_HEADER = YES;
				CLANG_WARN_RANGE_LOOP_ANALYSIS = YES;
				CLANG_WARN_STRICT_PROTOTYPES = YES;
				CLANG_WARN_SUSPICIOUS_MOVE = YES;
				CLANG_WARN_UNGUARDED_AVAILABILITY = YES_AGGRESSIVE;
				CLANG_WARN_UNREACHABLE_CODE = YES;
				CLANG_WARN__DUPLICATE_METHOD_MATCH = YES;
				COPY_PHASE_STRIP = NO;
				DEBUG_INFORMATION_FORMAT = "dwarf-with-dsym";
				ENABLE_NS_ASSERTIONS = NO;
				ENABLE_STRICT_OBJC_MSGSEND = YES;
				ENABLE_USER_SCRIPT_SANDBOXING = YES;
				GCC_C_LANGUAGE_STANDARD = gnu17;
				GCC_NO_COMMON_BLOCKS = YES;
				GCC_WARN_64_TO_32_BIT_CONVERSION = YES;
				GCC_WARN_ABOUT_RETURN_TYPE = YES_ERROR;
				GCC_WARN_UNDECLARED_SELECTOR = YES;
				GCC_WARN_UNINITIALIZED_AUTOS = YES_AGGRESSIVE;
				GCC_WARN_UNUSED_FUNCTION = YES;
				GCC_WARN_UNUSED_VARIABLE = YES;
				IPHONEOS_DEPLOYMENT_TARGET = 17.4;
				LOCALIZATION_PREFERS_STRING_CATALOGS = YES;
				MTL_ENABLE_DEBUG_INFO = NO;
				MTL_FAST_MATH = YES;
				SDKROOT = iphoneos;
				SWIFT_COMPILATION_MODE = wholemodule;
				VALIDATE_PRODUCT = YES;
			};
			name = Release;
		};
		61FC98BF2BDDAABC0067EA0B /* Debug */ = {
			isa = XCBuildConfiguration;
			buildSettings = {
				ASSETCATALOG_COMPILER_APPICON_NAME = AppIcon;
				ASSETCATALOG_COMPILER_GLOBAL_ACCENT_COLOR_NAME = AccentColor;
				CODE_SIGN_STYLE = Automatic;
				CURRENT_PROJECT_VERSION = 1;
				DEVELOPMENT_ASSET_PATHS = "\"Pokedex/Preview Content\"";
				DEVELOPMENT_TEAM = 3STQ2AFKHW;
				ENABLE_PREVIEWS = YES;
				GENERATE_INFOPLIST_FILE = YES;
				INFOPLIST_KEY_UIApplicationSceneManifest_Generation = YES;
				INFOPLIST_KEY_UIApplicationSupportsIndirectInputEvents = YES;
				INFOPLIST_KEY_UILaunchScreen_Generation = YES;
				INFOPLIST_KEY_UISupportedInterfaceOrientations_iPad = "UIInterfaceOrientationPortrait UIInterfaceOrientationPortraitUpsideDown UIInterfaceOrientationLandscapeLeft UIInterfaceOrientationLandscapeRight";
				INFOPLIST_KEY_UISupportedInterfaceOrientations_iPhone = "UIInterfaceOrientationPortrait UIInterfaceOrientationLandscapeLeft UIInterfaceOrientationLandscapeRight";
				LD_RUNPATH_SEARCH_PATHS = (
					"$(inherited)",
					"@executable_path/Frameworks",
				);
				MARKETING_VERSION = 1.0;
				PRODUCT_BUNDLE_IDENTIFIER = com.tron.Pokedex;
				PRODUCT_NAME = "$(TARGET_NAME)";
				SWIFT_EMIT_LOC_STRINGS = YES;
				SWIFT_VERSION = 5.0;
				TARGETED_DEVICE_FAMILY = "1,2";
			};
			name = Debug;
		};
		61FC98C02BDDAABC0067EA0B /* Release */ = {
			isa = XCBuildConfiguration;
			buildSettings = {
				ASSETCATALOG_COMPILER_APPICON_NAME = AppIcon;
				ASSETCATALOG_COMPILER_GLOBAL_ACCENT_COLOR_NAME = AccentColor;
				CODE_SIGN_STYLE = Automatic;
				CURRENT_PROJECT_VERSION = 1;
				DEVELOPMENT_ASSET_PATHS = "\"Pokedex/Preview Content\"";
				DEVELOPMENT_TEAM = 3STQ2AFKHW;
				ENABLE_PREVIEWS = YES;
				GENERATE_INFOPLIST_FILE = YES;
				INFOPLIST_KEY_UIApplicationSceneManifest_Generation = YES;
				INFOPLIST_KEY_UIApplicationSupportsIndirectInputEvents = YES;
				INFOPLIST_KEY_UILaunchScreen_Generation = YES;
				INFOPLIST_KEY_UISupportedInterfaceOrientations_iPad = "UIInterfaceOrientationPortrait UIInterfaceOrientationPortraitUpsideDown UIInterfaceOrientationLandscapeLeft UIInterfaceOrientationLandscapeRight";
				INFOPLIST_KEY_UISupportedInterfaceOrientations_iPhone = "UIInterfaceOrientationPortrait UIInterfaceOrientationLandscapeLeft UIInterfaceOrientationLandscapeRight";
				LD_RUNPATH_SEARCH_PATHS = (
					"$(inherited)",
					"@executable_path/Frameworks",
				);
				MARKETING_VERSION = 1.0;
				PRODUCT_BUNDLE_IDENTIFIER = com.tron.Pokedex;
				PRODUCT_NAME = "$(TARGET_NAME)";
				SWIFT_EMIT_LOC_STRINGS = YES;
				SWIFT_VERSION = 5.0;
				TARGETED_DEVICE_FAMILY = "1,2";
			};
			name = Release;
		};
		61FC98C22BDDAABC0067EA0B /* Debug */ = {
			isa = XCBuildConfiguration;
			buildSettings = {
				ALWAYS_EMBED_SWIFT_STANDARD_LIBRARIES = YES;
				BUNDLE_LOADER = "$(TEST_HOST)";
				CODE_SIGN_STYLE = Automatic;
				CURRENT_PROJECT_VERSION = 1;
				DEVELOPMENT_TEAM = 3STQ2AFKHW;
				GENERATE_INFOPLIST_FILE = YES;
				IPHONEOS_DEPLOYMENT_TARGET = 17.4;
				MARKETING_VERSION = 1.0;
				PRODUCT_BUNDLE_IDENTIFIER = com.tron.PokedexTests;
				PRODUCT_NAME = "$(TARGET_NAME)";
				SWIFT_EMIT_LOC_STRINGS = NO;
				SWIFT_VERSION = 5.0;
				TARGETED_DEVICE_FAMILY = "1,2";
				TEST_HOST = "$(BUILT_PRODUCTS_DIR)/Pokedex.app/$(BUNDLE_EXECUTABLE_FOLDER_PATH)/Pokedex";
			};
			name = Debug;
		};
		61FC98C32BDDAABC0067EA0B /* Release */ = {
			isa = XCBuildConfiguration;
			buildSettings = {
				ALWAYS_EMBED_SWIFT_STANDARD_LIBRARIES = YES;
				BUNDLE_LOADER = "$(TEST_HOST)";
				CODE_SIGN_STYLE = Automatic;
				CURRENT_PROJECT_VERSION = 1;
				DEVELOPMENT_TEAM = 3STQ2AFKHW;
				GENERATE_INFOPLIST_FILE = YES;
				IPHONEOS_DEPLOYMENT_TARGET = 17.4;
				MARKETING_VERSION = 1.0;
				PRODUCT_BUNDLE_IDENTIFIER = com.tron.PokedexTests;
				PRODUCT_NAME = "$(TARGET_NAME)";
				SWIFT_EMIT_LOC_STRINGS = NO;
				SWIFT_VERSION = 5.0;
				TARGETED_DEVICE_FAMILY = "1,2";
				TEST_HOST = "$(BUILT_PRODUCTS_DIR)/Pokedex.app/$(BUNDLE_EXECUTABLE_FOLDER_PATH)/Pokedex";
			};
			name = Release;
		};
		61FC98C52BDDAABC0067EA0B /* Debug */ = {
			isa = XCBuildConfiguration;
			buildSettings = {
				ALWAYS_EMBED_SWIFT_STANDARD_LIBRARIES = YES;
				CODE_SIGN_STYLE = Automatic;
				CURRENT_PROJECT_VERSION = 1;
				DEVELOPMENT_TEAM = 3STQ2AFKHW;
				GENERATE_INFOPLIST_FILE = YES;
				MARKETING_VERSION = 1.0;
				PRODUCT_BUNDLE_IDENTIFIER = com.tron.PokedexUITests;
				PRODUCT_NAME = "$(TARGET_NAME)";
				SWIFT_EMIT_LOC_STRINGS = NO;
				SWIFT_VERSION = 5.0;
				TARGETED_DEVICE_FAMILY = "1,2";
				TEST_TARGET_NAME = Pokedex;
			};
			name = Debug;
		};
		61FC98C62BDDAABC0067EA0B /* Release */ = {
			isa = XCBuildConfiguration;
			buildSettings = {
				ALWAYS_EMBED_SWIFT_STANDARD_LIBRARIES = YES;
				CODE_SIGN_STYLE = Automatic;
				CURRENT_PROJECT_VERSION = 1;
				DEVELOPMENT_TEAM = 3STQ2AFKHW;
				GENERATE_INFOPLIST_FILE = YES;
				MARKETING_VERSION = 1.0;
				PRODUCT_BUNDLE_IDENTIFIER = com.tron.PokedexUITests;
				PRODUCT_NAME = "$(TARGET_NAME)";
				SWIFT_EMIT_LOC_STRINGS = NO;
				SWIFT_VERSION = 5.0;
				TARGETED_DEVICE_FAMILY = "1,2";
				TEST_TARGET_NAME = Pokedex;
			};
			name = Release;
		};
/* End XCBuildConfiguration section */

/* Begin XCConfigurationList section */
		61FC98952BDDAAB90067EA0B /* Build configuration list for PBXProject "Pokedex" */ = {
			isa = XCConfigurationList;
			buildConfigurations = (
				61FC98BC2BDDAABC0067EA0B /* Debug */,
				61FC98BD2BDDAABC0067EA0B /* Release */,
			);
			defaultConfigurationIsVisible = 0;
			defaultConfigurationName = Release;
		};
		61FC98BE2BDDAABC0067EA0B /* Build configuration list for PBXNativeTarget "Pokedex" */ = {
			isa = XCConfigurationList;
			buildConfigurations = (
				61FC98BF2BDDAABC0067EA0B /* Debug */,
				61FC98C02BDDAABC0067EA0B /* Release */,
			);
			defaultConfigurationIsVisible = 0;
			defaultConfigurationName = Release;
		};
		61FC98C12BDDAABC0067EA0B /* Build configuration list for PBXNativeTarget "PokedexTests" */ = {
			isa = XCConfigurationList;
			buildConfigurations = (
				61FC98C22BDDAABC0067EA0B /* Debug */,
				61FC98C32BDDAABC0067EA0B /* Release */,
			);
			defaultConfigurationIsVisible = 0;
			defaultConfigurationName = Release;
		};
		61FC98C42BDDAABC0067EA0B /* Build configuration list for PBXNativeTarget "PokedexUITests" */ = {
			isa = XCConfigurationList;
			buildConfigurations = (
				61FC98C52BDDAABC0067EA0B /* Debug */,
				61FC98C62BDDAABC0067EA0B /* Release */,
			);
			defaultConfigurationIsVisible = 0;
			defaultConfigurationName = Release;
		};
/* End XCConfigurationList section */

/* Begin XCRemoteSwiftPackageReference section */
		615A419B2BE5E3D90068F662 /* XCRemoteSwiftPackageReference "Kingfisher" */ = {
			isa = XCRemoteSwiftPackageReference;
			repositoryURL = "https://github.com/onevcat/Kingfisher.git";
			requirement = {
				kind = upToNextMajorVersion;
				minimumVersion = 7.11.0;
			};
		};
		615A41B02BE6DAEB0068F662 /* XCRemoteSwiftPackageReference "PagerTabStripView" */ = {
			isa = XCRemoteSwiftPackageReference;
			repositoryURL = "https://github.com/xmartlabs/PagerTabStripView";
			requirement = {
				kind = upToNextMajorVersion;
				minimumVersion = 4.0.0;
			};
		};
/* End XCRemoteSwiftPackageReference section */

/* Begin XCSwiftPackageProductDependency section */
		615A419C2BE5E3DA0068F662 /* Kingfisher */ = {
			isa = XCSwiftPackageProductDependency;
			package = 615A419B2BE5E3D90068F662 /* XCRemoteSwiftPackageReference "Kingfisher" */;
			productName = Kingfisher;
		};
		615A41B12BE6DAEB0068F662 /* PagerTabStripView */ = {
			isa = XCSwiftPackageProductDependency;
			package = 615A41B02BE6DAEB0068F662 /* XCRemoteSwiftPackageReference "PagerTabStripView" */;
			productName = PagerTabStripView;
		};
/* End XCSwiftPackageProductDependency section */
	};
	rootObject = 61FC98922BDDAAB90067EA0B /* Project object */;
}
