{
  "originHash" : "e4e7bd171dbb2e9b14b2f3d784f7174a32d4d90e454ab515e905bd17d4b463da",
  "pins" : [
    {
      "identity" : "kingfisher",
      "kind" : "remoteSourceControl",
      "location" : "https://github.com/onevcat/Kingfisher.git",
      "state" : {
        "revision" : "5b92f029fab2cce44386d28588098b5be0824ef5",
        "version" : "7.11.0"
      }
    },
    {
      "identity" : "pagertabstripview",
      "kind" : "remoteSourceControl",
      "location" : "https://github.com/xmartlabs/PagerTabStripView",
      "state" : {
        "revision" : "39ec00d2577adf75d82d1c7023c56950b96d2298",
        "version" : "4.0.0"
      }
    }
  ],
  "version" : 3
}
